
Microsoft Visual Studio Solution File, Format Version 10.00
# Visual Studio 2008
Project("{FAE04EC0-301F-11D3-BF4B-00C04F79EFBC}") = "ExofConstDest", "ExofConstDest\ExofConstDest.csproj", "{890F8995-88CF-4204-A62C-86F9AB600FBD}"
EndProject
Global
	GlobalSection(SolutionConfigurationPlatforms) = preSolution
		Debug|Any CPU = Debug|Any CPU
		Release|Any CPU = Release|Any CPU
	EndGlobalSection
	GlobalSection(ProjectConfigurationPlatforms) = postSolution
		{890F8995-88CF-4204-A62C-86F9AB600FBD}.Debug|Any CPU.ActiveCfg = Debug|Any CPU
		{890F8995-88CF-4204-A62C-86F9AB600FBD}.Debug|Any CPU.Build.0 = Debug|Any CPU
		{890F8995-88CF-4204-A62C-86F9AB600FBD}.Release|Any CPU.ActiveCfg = Release|Any CPU
		{890F8995-88CF-4204-A62C-86F9AB600FBD}.Release|Any CPU.Build.0 = Release|Any CPU
	EndGlobalSection
	GlobalSection(SolutionProperties) = preSolution
		HideSolutionNode = FALSE
	EndGlobalSection
EndGlobal
