
Microsoft Visual Studio Solution File, Format Version 12.00
# Visual Studio 2012
Project("{FAE04EC0-301F-11D3-BF4B-00C04F79EFBC}") = "ExofAutoImpArray", "ExofAutoImpArray\ExofAutoImpArray.csproj", "{F61CF27D-BC91-4476-8D57-963B508074FD}"
EndProject
Global
	GlobalSection(SolutionConfigurationPlatforms) = preSolution
		Debug|Any CPU = Debug|Any CPU
		Release|Any CPU = Release|Any CPU
	EndGlobalSection
	GlobalSection(ProjectConfigurationPlatforms) = postSolution
		{F61CF27D-BC91-4476-8D57-963B508074FD}.Debug|Any CPU.ActiveCfg = Debug|Any CPU
		{F61CF27D-BC91-4476-8D57-963B508074FD}.Debug|Any CPU.Build.0 = Debug|Any CPU
		{F61CF27D-BC91-4476-8D57-963B508074FD}.Release|Any CPU.ActiveCfg = Release|Any CPU
		{F61CF27D-BC91-4476-8D57-963B508074FD}.Release|Any CPU.Build.0 = Release|Any CPU
	EndGlobalSection
	GlobalSection(SolutionProperties) = preSolution
		HideSolutionNode = FALSE
	EndGlobalSection
EndGlobal
