
Microsoft Visual Studio Solution File, Format Version 12.00
Project("{FAE04EC0-301F-11D3-BF4B-00C04F79EFBC}") = "Question1", "Question1\Question1.csproj", "{07A9EDFF-B710-4A5F-8444-8AF47E2C2587}"
EndProject
Global
	GlobalSection(SolutionConfigurationPlatforms) = preSolution
		Debug|Any CPU = Debug|Any CPU
		Release|Any CPU = Release|Any CPU
	EndGlobalSection
	GlobalSection(ProjectConfigurationPlatforms) = postSolution
		{07A9EDFF-B710-4A5F-8444-8AF47E2C2587}.Debug|Any CPU.ActiveCfg = Debug|Any CPU
		{07A9EDFF-B710-4A5F-8444-8AF47E2C2587}.Debug|Any CPU.Build.0 = Debug|Any CPU
		{07A9EDFF-B710-4A5F-8444-8AF47E2C2587}.Release|Any CPU.ActiveCfg = Release|Any CPU
		{07A9EDFF-B710-4A5F-8444-8AF47E2C2587}.Release|Any CPU.Build.0 = Release|Any CPU
	EndGlobalSection
EndGlobal
