
Microsoft Visual Studio Solution File, Format Version 12.00
# Visual Studio 2012
Project("{FAE04EC0-301F-11D3-BF4B-00C04F79EFBC}") = "ExofSimpleProg", "ExofSimpleProg\ExofSimpleProg.csproj", "{E414D886-9A70-457D-B347-FC74FF013811}"
EndProject
Global
	GlobalSection(SolutionConfigurationPlatforms) = preSolution
		Debug|Any CPU = Debug|Any CPU
		Release|Any CPU = Release|Any CPU
	EndGlobalSection
	GlobalSection(ProjectConfigurationPlatforms) = postSolution
		{E414D886-9A70-457D-B347-FC74FF013811}.Debug|Any CPU.ActiveCfg = Debug|Any CPU
		{E414D886-9A70-457D-B347-FC74FF013811}.Debug|Any CPU.Build.0 = Debug|Any CPU
		{E414D886-9A70-457D-B347-FC74FF013811}.Release|Any CPU.ActiveCfg = Release|Any CPU
		{E414D886-9A70-457D-B347-FC74FF013811}.Release|Any CPU.Build.0 = Release|Any CPU
	EndGlobalSection
	GlobalSection(SolutionProperties) = preSolution
		HideSolutionNode = FALSE
	EndGlobalSection
EndGlobal
