
Microsoft Visual Studio Solution File, Format Version 12.00
Project("{FAE04EC0-301F-11D3-BF4B-00C04F79EFBC}") = "SessionASPCoreMVC", "SessionASPCoreMVC\SessionASPCoreMVC.csproj", "{61A54313-E63E-4C2C-A553-587C76096B4E}"
EndProject
Global
	GlobalSection(SolutionConfigurationPlatforms) = preSolution
		Debug|Any CPU = Debug|Any CPU
		Release|Any CPU = Release|Any CPU
	EndGlobalSection
	GlobalSection(ProjectConfigurationPlatforms) = postSolution
		{61A54313-E63E-4C2C-A553-587C76096B4E}.Debug|Any CPU.ActiveCfg = Debug|Any CPU
		{61A54313-E63E-4C2C-A553-587C76096B4E}.Debug|Any CPU.Build.0 = Debug|Any CPU
		{61A54313-E63E-4C2C-A553-587C76096B4E}.Release|Any CPU.ActiveCfg = Release|Any CPU
		{61A54313-E63E-4C2C-A553-587C76096B4E}.Release|Any CPU.Build.0 = Release|Any CPU
	EndGlobalSection
EndGlobal
