
Microsoft Visual Studio Solution File, Format Version 10.00
# Visual Studio 2008
Project("{FAE04EC0-301F-11D3-BF4B-00C04F79EFBC}") = "ExofStaticClass", "ExofStaticClass\ExofStaticClass.csproj", "{F717E570-5EF8-4F8E-922A-230107D5FE1F}"
EndProject
Global
	GlobalSection(SolutionConfigurationPlatforms) = preSolution
		Debug|Any CPU = Debug|Any CPU
		Release|Any CPU = Release|Any CPU
	EndGlobalSection
	GlobalSection(ProjectConfigurationPlatforms) = postSolution
		{F717E570-5EF8-4F8E-922A-230107D5FE1F}.Debug|Any CPU.ActiveCfg = Debug|Any CPU
		{F717E570-5EF8-4F8E-922A-230107D5FE1F}.Debug|Any CPU.Build.0 = Debug|Any CPU
		{F717E570-5EF8-4F8E-922A-230107D5FE1F}.Release|Any CPU.ActiveCfg = Release|Any CPU
		{F717E570-5EF8-4F8E-922A-230107D5FE1F}.Release|Any CPU.Build.0 = Release|Any CPU
	EndGlobalSection
	GlobalSection(SolutionProperties) = preSolution
		HideSolutionNode = FALSE
	EndGlobalSection
EndGlobal
