
Microsoft Visual Studio Solution File, Format Version 10.00
# Visual Studio 2008
Project("{FAE04EC0-301F-11D3-BF4B-00C04F79EFBC}") = "ExofForLoop", "ExofForLoop\ExofForLoop.csproj", "{D1895285-2A40-4981-9978-22F16EECA32E}"
EndProject
Global
	GlobalSection(SolutionConfigurationPlatforms) = preSolution
		Debug|Any CPU = Debug|Any CPU
		Release|Any CPU = Release|Any CPU
	EndGlobalSection
	GlobalSection(ProjectConfigurationPlatforms) = postSolution
		{D1895285-2A40-4981-9978-22F16EECA32E}.Debug|Any CPU.ActiveCfg = Debug|Any CPU
		{D1895285-2A40-4981-9978-22F16EECA32E}.Debug|Any CPU.Build.0 = Debug|Any CPU
		{D1895285-2A40-4981-9978-22F16EECA32E}.Release|Any CPU.ActiveCfg = Release|Any CPU
		{D1895285-2A40-4981-9978-22F16EECA32E}.Release|Any CPU.Build.0 = Release|Any CPU
	EndGlobalSection
	GlobalSection(SolutionProperties) = preSolution
		HideSolutionNode = FALSE
	EndGlobalSection
EndGlobal
